
Microsoft Visual Studio Solution File, Format Version 12.00
# Visual Studio Version 17
VisualStudioVersion = 17.8.34316.72
MinimumVisualStudioVersion = 10.0.40219.1
Project("{2150E333-8FDC-42A3-9474-1A3956D46DE8}") = "1.Shared", "1.Shared", "{95327524-D575-4784-B426-CDDFEC88D1DB}"
EndProject
Project("{2150E333-8FDC-42A3-9474-1A3956D46DE8}") = "2.Services", "2.Services", "{37AAF786-A5E5-4467-B278-F4D57BB87FEF}"
EndProject
Project("{2150E333-8FDC-42A3-9474-1A3956D46DE8}") = "3.Test", "3.Test", "{75340B01-9CE3-4303-AF58-D35512D1EDC2}"
EndProject
Project("{2150E333-8FDC-42A3-9474-1A3956D46DE8}") = "Core", "Core", "{32FD09F8-F31D-43D6-976A-17C2BCC9F08F}"
EndProject
Project("{2150E333-8FDC-42A3-9474-1A3956D46DE8}") = "MessageBus", "MessageBus", "{CC457D4D-199C-4A7E-9330-88B2ED1A15A3}"
EndProject
Project("{2150E333-8FDC-42A3-9474-1A3956D46DE8}") = "Basket", "Basket", "{D2AFCB0B-4D32-48F2-970F-19AB8F19E788}"
EndProject
Project("{2150E333-8FDC-42A3-9474-1A3956D46DE8}") = "Orders", "Orders", "{EE3D762F-9879-42E9-B0AC-608338F25480}"
EndProject
Project("{2150E333-8FDC-42A3-9474-1A3956D46DE8}") = "Payments", "Payments", "{E2C61982-6712-4E0A-9FDC-AF768F453CE3}"
EndProject
Project("{2150E333-8FDC-42A3-9474-1A3956D46DE8}") = "Customers", "Customers", "{99A9651F-00DE-4E3A-8F2B-0E6395ED10FB}"
EndProject
Project("{2150E333-8FDC-42A3-9474-1A3956D46DE8}") = "Catalog", "Catalog", "{C89D5B7E-FDC3-4D84-BDC1-3B099B284B7D}"
EndProject
Project("{2150E333-8FDC-42A3-9474-1A3956D46DE8}") = "Identity", "Identity", "{604EF94D-8DD8-4E11-A30B-8027E477728E}"
EndProject
Project("{FAE04EC0-301F-11D3-BF4B-00C04F79EFBC}") = "sgc.Core", "src\1.Shared\sgc.Core\sgc.Core.csproj", "{FBD606E3-433E-4109-8345-7071F063F0E2}"
EndProject
Project("{FAE04EC0-301F-11D3-BF4B-00C04F79EFBC}") = "sgc.MessageBus", "src\1.Shared\sgc.MessageBus\sgc.MessageBus.csproj", "{2430FD60-42F8-40AA-95DD-91FB2D26C5FD}"
EndProject
Project("{FAE04EC0-301F-11D3-BF4B-00C04F79EFBC}") = "sgc.Basket.Api", "src\2.Services\Basket\sgc.Basket.Api\sgc.Basket.Api.csproj", "{4401F0F8-9B8C-47DC-A9A9-E9A5D488E112}"
EndProject
Project("{FAE04EC0-301F-11D3-BF4B-00C04F79EFBC}") = "sgc.Catalog.Api", "src\2.Services\Catalog\sgc.Catalog.Api\sgc.Catalog.Api.csproj", "{FEF403B5-D8F4-4C5D-9030-EA6BADA8E824}"
EndProject
Project("{FAE04EC0-301F-11D3-BF4B-00C04F79EFBC}") = "sgc.Customers.Api", "src\2.Services\Customers\sgc.Customers.Api\sgc.Customers.Api.csproj", "{B7AC6E2B-D47D-4CE1-B5EA-27191E8D3186}"
EndProject
Project("{FAE04EC0-301F-11D3-BF4B-00C04F79EFBC}") = "sgc.Identity.Api", "src\2.Services\Identity\sgc.Identity.Api\sgc.Identity.Api.csproj", "{1693A2BE-2504-4197-8236-F95D98C0C4B5}"
EndProject
Project("{FAE04EC0-301F-11D3-BF4B-00C04F79EFBC}") = "sgc.Orders.Api", "src\2.Services\Orders\sgc.Orders.Api\sgc.Orders.Api.csproj", "{0B00DC0D-3328-4629-94B8-2C81A36922D6}"
EndProject
Project("{FAE04EC0-301F-11D3-BF4B-00C04F79EFBC}") = "sgc.Payments.Api", "src\2.Services\Payment\sgc.Payments.Api\sgc.Payments.Api.csproj", "{1E625934-42A7-4793-9088-CF72BF14C1AB}"
EndProject
Project("{FAE04EC0-301F-11D3-BF4B-00C04F79EFBC}") = "sgc.Catalog.Application", "src\2.Services\Catalog\sgc.Catalog.Application\sgc.Catalog.Application\sgc.Catalog.Application.csproj", "{34253335-8F50-4385-A670-477A98FFB308}"
EndProject
Project("{FAE04EC0-301F-11D3-BF4B-00C04F79EFBC}") = "sgc.Catalog.Domain", "src\2.Services\Catalog\sgc.Catalog.Domain\sgc.Catalog.Domain.csproj", "{A42DA1B2-3F07-4102-884D-27016EB055BB}"
EndProject
Project("{FAE04EC0-301F-11D3-BF4B-00C04F79EFBC}") = "sgc.Catalog.Infra", "src\2.Services\Catalog\sgc.Catalog.Infra\sgc.Catalog.Infra.csproj", "{AD860045-D006-4361-99EF-20F2099C4823}"
EndProject
Project("{FAE04EC0-301F-11D3-BF4B-00C04F79EFBC}") = "sgc.Catalog.IoC", "src\2.Services\Catalog\sgc.Catalog.IoC\sgc.Catalog.IoC.csproj", "{4ADFB0FD-140B-4042-80A1-1A20AEEF6250}"
EndProject
Project("{FAE04EC0-301F-11D3-BF4B-00C04F79EFBC}") = "sgc.Basket.Domain", "src\2.Services\Basket\sgc.Basket.Domain\sgc.Basket.Domain.csproj", "{C09921A7-3D71-414B-B486-E83C8B9E8E11}"
EndProject
Project("{FAE04EC0-301F-11D3-BF4B-00C04F79EFBC}") = "sgc.Basket.Infra", "src\2.Services\Basket\sgc.Basket.Infra\sgc.Basket.Infra.csproj", "{6B7A4547-AE8F-47E2-99AF-079025398639}"
EndProject
Project("{FAE04EC0-301F-11D3-BF4B-00C04F79EFBC}") = "sgc.Orders.Application", "src\2.Services\Orders\sgc.Orders.Application\sgc.Orders.Application.csproj", "{4A409B38-F3B7-4712-A02F-1F4E30D877A6}"
EndProject
Project("{FAE04EC0-301F-11D3-BF4B-00C04F79EFBC}") = "sgc.Orders.Domain", "src\2.Services\Orders\sgc.Orders.Domain\sgc.Orders.Domain.csproj", "{A9B1770D-1E8E-4BB5-A069-AF6FEA3760E9}"
EndProject
Project("{FAE04EC0-301F-11D3-BF4B-00C04F79EFBC}") = "sgc.Orders.Infra", "src\2.Services\Orders\sgc.Orders.Infra\sgc.Orders.Infra.csproj", "{1C587E20-EAA3-4BCF-B384-38EC78D91D1F}"
EndProject
Project("{FAE04EC0-301F-11D3-BF4B-00C04F79EFBC}") = "sgc.Orders.IoC", "src\2.Services\Orders\sgc.Orders.IoC\sgc.Orders.IoC.csproj", "{82E18AA4-03ED-4876-8841-E04ACDD7BA8A}"
EndProject
Project("{FAE04EC0-301F-11D3-BF4B-00C04F79EFBC}") = "sgc.Payments.Domain", "src\2.Services\Payment\sgc.Payments.Domain\sgc.Payments.Domain.csproj", "{35816627-D0A0-41D2-844F-3AFA4BB1D66C}"
EndProject
Project("{FAE04EC0-301F-11D3-BF4B-00C04F79EFBC}") = "sgc.Payments.Infra", "src\2.Services\Payment\sgc.Payments.Infra\sgc.Payments.Infra.csproj", "{B4BD609C-E62C-4E8F-BEF5-5BC76905586E}"
EndProject
Project("{FAE04EC0-301F-11D3-BF4B-00C04F79EFBC}") = "sgc.Payments.Application", "src\2.Services\Payment\sgc.Payments.Application\sgc.Payments.Application.csproj", "{8548F9E7-5AB8-4CFA-ABDF-39F573EA6C17}"
EndProject
Project("{FAE04EC0-301F-11D3-BF4B-00C04F79EFBC}") = "sgc.Payments.IoC", "src\2.Services\Payment\sgc.Payments.IoC\sgc.Payments.IoC.csproj", "{9516E945-0381-4457-B5F5-DB9884DF26EC}"
EndProject
Project("{FAE04EC0-301F-11D3-BF4B-00C04F79EFBC}") = "sgc.Basket.Application", "src\2.Services\Basket\sgc.Basket.Application\sgc.Basket.Application.csproj", "{C4567386-79E2-41C9-B1F5-49974620DE90}"
EndProject
Project("{FAE04EC0-301F-11D3-BF4B-00C04F79EFBC}") = "sgc.Basket.IoC", "src\2.Services\Basket\sgc.Basket.IoC\sgc.Basket.IoC.csproj", "{5FCCBE59-27DA-42CC-9D95-607904D17F00}"
EndProject
Project("{2150E333-8FDC-42A3-9474-1A3956D46DE8}") = "Basket", "Basket", "{08A79A01-CEEA-4ADC-BA0A-7062121B3690}"
EndProject
Project("{2150E333-8FDC-42A3-9474-1A3956D46DE8}") = "Orders", "Orders", "{A2C4E938-39E0-4718-BF76-F8B5E390D179}"
EndProject
Project("{2150E333-8FDC-42A3-9474-1A3956D46DE8}") = "Catalog", "Catalog", "{6FF7B5F4-D9DC-438F-AFDE-C7A516A1EBF9}"
EndProject
Project("{FAE04EC0-301F-11D3-BF4B-00C04F79EFBC}") = "sgc.Basket.Test", "src\3.Test\Basket\sgc.Basket.Test\sgc.Basket.Test.csproj", "{04DF53BB-70E1-442E-9282-29969B658281}"
EndProject
Project("{FAE04EC0-301F-11D3-BF4B-00C04F79EFBC}") = "sgc.Orders.Test", "src\3.Test\Orders\sgc.Orders.Test\sgc.Orders.Test.csproj", "{C5EFA130-6C18-4D2A-83B0-A0759B9C71D4}"
EndProject
Project("{FAE04EC0-301F-11D3-BF4B-00C04F79EFBC}") = "sgc.Catalog.Test", "src\3.Test\Catalog\sgc.Catalog.Test\sgc.Catalog.Test.csproj", "{97CBC169-4B34-4F87-915D-7F69D1CF0938}"
EndProject
Project("{2150E333-8FDC-42A3-9474-1A3956D46DE8}") = "Payments", "Payments", "{8FFA7D06-5284-4F07-A81B-C15C30366D5E}"
EndProject
Project("{FAE04EC0-301F-11D3-BF4B-00C04F79EFBC}") = "sgc.Payments.Test", "src\3.Test\Payments\sgc.Payments.Test\sgc.Payments.Test.csproj", "{5F11E715-188E-45B1-B311-6BA3A3FD7521}"
EndProject
Project("{2150E333-8FDC-42A3-9474-1A3956D46DE8}") = "Solution Items", "Solution Items", "{582CA9EE-B167-4671-96BC-A912AD39FAEE}"
	ProjectSection(SolutionItems) = preProject
		.editorconfig = .editorconfig
	EndProjectSection
EndProject
Global
	GlobalSection(SolutionConfigurationPlatforms) = preSolution
		Debug|Any CPU = Debug|Any CPU
		Release|Any CPU = Release|Any CPU
	EndGlobalSection
	GlobalSection(ProjectConfigurationPlatforms) = postSolution
		{FBD606E3-433E-4109-8345-7071F063F0E2}.Debug|Any CPU.ActiveCfg = Debug|Any CPU
		{FBD606E3-433E-4109-8345-7071F063F0E2}.Debug|Any CPU.Build.0 = Debug|Any CPU
		{FBD606E3-433E-4109-8345-7071F063F0E2}.Release|Any CPU.ActiveCfg = Release|Any CPU
		{FBD606E3-433E-4109-8345-7071F063F0E2}.Release|Any CPU.Build.0 = Release|Any CPU
		{2430FD60-42F8-40AA-95DD-91FB2D26C5FD}.Debug|Any CPU.ActiveCfg = Debug|Any CPU
		{2430FD60-42F8-40AA-95DD-91FB2D26C5FD}.Debug|Any CPU.Build.0 = Debug|Any CPU
		{2430FD60-42F8-40AA-95DD-91FB2D26C5FD}.Release|Any CPU.ActiveCfg = Release|Any CPU
		{2430FD60-42F8-40AA-95DD-91FB2D26C5FD}.Release|Any CPU.Build.0 = Release|Any CPU
		{4401F0F8-9B8C-47DC-A9A9-E9A5D488E112}.Debug|Any CPU.ActiveCfg = Debug|Any CPU
		{4401F0F8-9B8C-47DC-A9A9-E9A5D488E112}.Debug|Any CPU.Build.0 = Debug|Any CPU
		{4401F0F8-9B8C-47DC-A9A9-E9A5D488E112}.Release|Any CPU.ActiveCfg = Release|Any CPU
		{4401F0F8-9B8C-47DC-A9A9-E9A5D488E112}.Release|Any CPU.Build.0 = Release|Any CPU
		{FEF403B5-D8F4-4C5D-9030-EA6BADA8E824}.Debug|Any CPU.ActiveCfg = Debug|Any CPU
		{FEF403B5-D8F4-4C5D-9030-EA6BADA8E824}.Debug|Any CPU.Build.0 = Debug|Any CPU
		{FEF403B5-D8F4-4C5D-9030-EA6BADA8E824}.Release|Any CPU.ActiveCfg = Release|Any CPU
		{FEF403B5-D8F4-4C5D-9030-EA6BADA8E824}.Release|Any CPU.Build.0 = Release|Any CPU
		{B7AC6E2B-D47D-4CE1-B5EA-27191E8D3186}.Debug|Any CPU.ActiveCfg = Debug|Any CPU
		{B7AC6E2B-D47D-4CE1-B5EA-27191E8D3186}.Debug|Any CPU.Build.0 = Debug|Any CPU
		{B7AC6E2B-D47D-4CE1-B5EA-27191E8D3186}.Release|Any CPU.ActiveCfg = Release|Any CPU
		{B7AC6E2B-D47D-4CE1-B5EA-27191E8D3186}.Release|Any CPU.Build.0 = Release|Any CPU
		{1693A2BE-2504-4197-8236-F95D98C0C4B5}.Debug|Any CPU.ActiveCfg = Debug|Any CPU
		{1693A2BE-2504-4197-8236-F95D98C0C4B5}.Debug|Any CPU.Build.0 = Debug|Any CPU
		{1693A2BE-2504-4197-8236-F95D98C0C4B5}.Release|Any CPU.ActiveCfg = Release|Any CPU
		{1693A2BE-2504-4197-8236-F95D98C0C4B5}.Release|Any CPU.Build.0 = Release|Any CPU
		{0B00DC0D-3328-4629-94B8-2C81A36922D6}.Debug|Any CPU.ActiveCfg = Debug|Any CPU
		{0B00DC0D-3328-4629-94B8-2C81A36922D6}.Debug|Any CPU.Build.0 = Debug|Any CPU
		{0B00DC0D-3328-4629-94B8-2C81A36922D6}.Release|Any CPU.ActiveCfg = Release|Any CPU
		{0B00DC0D-3328-4629-94B8-2C81A36922D6}.Release|Any CPU.Build.0 = Release|Any CPU
		{1E625934-42A7-4793-9088-CF72BF14C1AB}.Debug|Any CPU.ActiveCfg = Debug|Any CPU
		{1E625934-42A7-4793-9088-CF72BF14C1AB}.Debug|Any CPU.Build.0 = Debug|Any CPU
		{1E625934-42A7-4793-9088-CF72BF14C1AB}.Release|Any CPU.ActiveCfg = Release|Any CPU
		{1E625934-42A7-4793-9088-CF72BF14C1AB}.Release|Any CPU.Build.0 = Release|Any CPU
		{34253335-8F50-4385-A670-477A98FFB308}.Debug|Any CPU.ActiveCfg = Debug|Any CPU
		{34253335-8F50-4385-A670-477A98FFB308}.Debug|Any CPU.Build.0 = Debug|Any CPU
		{34253335-8F50-4385-A670-477A98FFB308}.Release|Any CPU.ActiveCfg = Release|Any CPU
		{34253335-8F50-4385-A670-477A98FFB308}.Release|Any CPU.Build.0 = Release|Any CPU
		{A42DA1B2-3F07-4102-884D-27016EB055BB}.Debug|Any CPU.ActiveCfg = Debug|Any CPU
		{A42DA1B2-3F07-4102-884D-27016EB055BB}.Debug|Any CPU.Build.0 = Debug|Any CPU
		{A42DA1B2-3F07-4102-884D-27016EB055BB}.Release|Any CPU.ActiveCfg = Release|Any CPU
		{A42DA1B2-3F07-4102-884D-27016EB055BB}.Release|Any CPU.Build.0 = Release|Any CPU
		{AD860045-D006-4361-99EF-20F2099C4823}.Debug|Any CPU.ActiveCfg = Debug|Any CPU
		{AD860045-D006-4361-99EF-20F2099C4823}.Debug|Any CPU.Build.0 = Debug|Any CPU
		{AD860045-D006-4361-99EF-20F2099C4823}.Release|Any CPU.ActiveCfg = Release|Any CPU
		{AD860045-D006-4361-99EF-20F2099C4823}.Release|Any CPU.Build.0 = Release|Any CPU
		{4ADFB0FD-140B-4042-80A1-1A20AEEF6250}.Debug|Any CPU.ActiveCfg = Debug|Any CPU
		{4ADFB0FD-140B-4042-80A1-1A20AEEF6250}.Debug|Any CPU.Build.0 = Debug|Any CPU
		{4ADFB0FD-140B-4042-80A1-1A20AEEF6250}.Release|Any CPU.ActiveCfg = Release|Any CPU
		{4ADFB0FD-140B-4042-80A1-1A20AEEF6250}.Release|Any CPU.Build.0 = Release|Any CPU
		{C09921A7-3D71-414B-B486-E83C8B9E8E11}.Debug|Any CPU.ActiveCfg = Debug|Any CPU
		{C09921A7-3D71-414B-B486-E83C8B9E8E11}.Debug|Any CPU.Build.0 = Debug|Any CPU
		{C09921A7-3D71-414B-B486-E83C8B9E8E11}.Release|Any CPU.ActiveCfg = Release|Any CPU
		{C09921A7-3D71-414B-B486-E83C8B9E8E11}.Release|Any CPU.Build.0 = Release|Any CPU
		{6B7A4547-AE8F-47E2-99AF-079025398639}.Debug|Any CPU.ActiveCfg = Debug|Any CPU
		{6B7A4547-AE8F-47E2-99AF-079025398639}.Debug|Any CPU.Build.0 = Debug|Any CPU
		{6B7A4547-AE8F-47E2-99AF-079025398639}.Release|Any CPU.ActiveCfg = Release|Any CPU
		{6B7A4547-AE8F-47E2-99AF-079025398639}.Release|Any CPU.Build.0 = Release|Any CPU
		{4A409B38-F3B7-4712-A02F-1F4E30D877A6}.Debug|Any CPU.ActiveCfg = Debug|Any CPU
		{4A409B38-F3B7-4712-A02F-1F4E30D877A6}.Debug|Any CPU.Build.0 = Debug|Any CPU
		{4A409B38-F3B7-4712-A02F-1F4E30D877A6}.Release|Any CPU.ActiveCfg = Release|Any CPU
		{4A409B38-F3B7-4712-A02F-1F4E30D877A6}.Release|Any CPU.Build.0 = Release|Any CPU
		{A9B1770D-1E8E-4BB5-A069-AF6FEA3760E9}.Debug|Any CPU.ActiveCfg = Debug|Any CPU
		{A9B1770D-1E8E-4BB5-A069-AF6FEA3760E9}.Debug|Any CPU.Build.0 = Debug|Any CPU
		{A9B1770D-1E8E-4BB5-A069-AF6FEA3760E9}.Release|Any CPU.ActiveCfg = Release|Any CPU
		{A9B1770D-1E8E-4BB5-A069-AF6FEA3760E9}.Release|Any CPU.Build.0 = Release|Any CPU
		{1C587E20-EAA3-4BCF-B384-38EC78D91D1F}.Debug|Any CPU.ActiveCfg = Debug|Any CPU
		{1C587E20-EAA3-4BCF-B384-38EC78D91D1F}.Debug|Any CPU.Build.0 = Debug|Any CPU
		{1C587E20-EAA3-4BCF-B384-38EC78D91D1F}.Release|Any CPU.ActiveCfg = Release|Any CPU
		{1C587E20-EAA3-4BCF-B384-38EC78D91D1F}.Release|Any CPU.Build.0 = Release|Any CPU
		{82E18AA4-03ED-4876-8841-E04ACDD7BA8A}.Debug|Any CPU.ActiveCfg = Debug|Any CPU
		{82E18AA4-03ED-4876-8841-E04ACDD7BA8A}.Debug|Any CPU.Build.0 = Debug|Any CPU
		{82E18AA4-03ED-4876-8841-E04ACDD7BA8A}.Release|Any CPU.ActiveCfg = Release|Any CPU
		{82E18AA4-03ED-4876-8841-E04ACDD7BA8A}.Release|Any CPU.Build.0 = Release|Any CPU
		{35816627-D0A0-41D2-844F-3AFA4BB1D66C}.Debug|Any CPU.ActiveCfg = Debug|Any CPU
		{35816627-D0A0-41D2-844F-3AFA4BB1D66C}.Debug|Any CPU.Build.0 = Debug|Any CPU
		{35816627-D0A0-41D2-844F-3AFA4BB1D66C}.Release|Any CPU.ActiveCfg = Release|Any CPU
		{35816627-D0A0-41D2-844F-3AFA4BB1D66C}.Release|Any CPU.Build.0 = Release|Any CPU
		{B4BD609C-E62C-4E8F-BEF5-5BC76905586E}.Debug|Any CPU.ActiveCfg = Debug|Any CPU
		{B4BD609C-E62C-4E8F-BEF5-5BC76905586E}.Debug|Any CPU.Build.0 = Debug|Any CPU
		{B4BD609C-E62C-4E8F-BEF5-5BC76905586E}.Release|Any CPU.ActiveCfg = Release|Any CPU
		{B4BD609C-E62C-4E8F-BEF5-5BC76905586E}.Release|Any CPU.Build.0 = Release|Any CPU
		{8548F9E7-5AB8-4CFA-ABDF-39F573EA6C17}.Debug|Any CPU.ActiveCfg = Debug|Any CPU
		{8548F9E7-5AB8-4CFA-ABDF-39F573EA6C17}.Debug|Any CPU.Build.0 = Debug|Any CPU
		{8548F9E7-5AB8-4CFA-ABDF-39F573EA6C17}.Release|Any CPU.ActiveCfg = Release|Any CPU
		{8548F9E7-5AB8-4CFA-ABDF-39F573EA6C17}.Release|Any CPU.Build.0 = Release|Any CPU
		{9516E945-0381-4457-B5F5-DB9884DF26EC}.Debug|Any CPU.ActiveCfg = Debug|Any CPU
		{9516E945-0381-4457-B5F5-DB9884DF26EC}.Debug|Any CPU.Build.0 = Debug|Any CPU
		{9516E945-0381-4457-B5F5-DB9884DF26EC}.Release|Any CPU.ActiveCfg = Release|Any CPU
		{9516E945-0381-4457-B5F5-DB9884DF26EC}.Release|Any CPU.Build.0 = Release|Any CPU
		{C4567386-79E2-41C9-B1F5-49974620DE90}.Debug|Any CPU.ActiveCfg = Debug|Any CPU
		{C4567386-79E2-41C9-B1F5-49974620DE90}.Debug|Any CPU.Build.0 = Debug|Any CPU
		{C4567386-79E2-41C9-B1F5-49974620DE90}.Release|Any CPU.ActiveCfg = Release|Any CPU
		{C4567386-79E2-41C9-B1F5-49974620DE90}.Release|Any CPU.Build.0 = Release|Any CPU
		{5FCCBE59-27DA-42CC-9D95-607904D17F00}.Debug|Any CPU.ActiveCfg = Debug|Any CPU
		{5FCCBE59-27DA-42CC-9D95-607904D17F00}.Debug|Any CPU.Build.0 = Debug|Any CPU
		{5FCCBE59-27DA-42CC-9D95-607904D17F00}.Release|Any CPU.ActiveCfg = Release|Any CPU
		{5FCCBE59-27DA-42CC-9D95-607904D17F00}.Release|Any CPU.Build.0 = Release|Any CPU
		{04DF53BB-70E1-442E-9282-29969B658281}.Debug|Any CPU.ActiveCfg = Debug|Any CPU
		{04DF53BB-70E1-442E-9282-29969B658281}.Debug|Any CPU.Build.0 = Debug|Any CPU
		{04DF53BB-70E1-442E-9282-29969B658281}.Release|Any CPU.ActiveCfg = Release|Any CPU
		{04DF53BB-70E1-442E-9282-29969B658281}.Release|Any CPU.Build.0 = Release|Any CPU
		{C5EFA130-6C18-4D2A-83B0-A0759B9C71D4}.Debug|Any CPU.ActiveCfg = Debug|Any CPU
		{C5EFA130-6C18-4D2A-83B0-A0759B9C71D4}.Debug|Any CPU.Build.0 = Debug|Any CPU
		{C5EFA130-6C18-4D2A-83B0-A0759B9C71D4}.Release|Any CPU.ActiveCfg = Release|Any CPU
		{C5EFA130-6C18-4D2A-83B0-A0759B9C71D4}.Release|Any CPU.Build.0 = Release|Any CPU
		{97CBC169-4B34-4F87-915D-7F69D1CF0938}.Debug|Any CPU.ActiveCfg = Debug|Any CPU
		{97CBC169-4B34-4F87-915D-7F69D1CF0938}.Debug|Any CPU.Build.0 = Debug|Any CPU
		{97CBC169-4B34-4F87-915D-7F69D1CF0938}.Release|Any CPU.ActiveCfg = Release|Any CPU
		{97CBC169-4B34-4F87-915D-7F69D1CF0938}.Release|Any CPU.Build.0 = Release|Any CPU
		{5F11E715-188E-45B1-B311-6BA3A3FD7521}.Debug|Any CPU.ActiveCfg = Debug|Any CPU
		{5F11E715-188E-45B1-B311-6BA3A3FD7521}.Debug|Any CPU.Build.0 = Debug|Any CPU
		{5F11E715-188E-45B1-B311-6BA3A3FD7521}.Release|Any CPU.ActiveCfg = Release|Any CPU
		{5F11E715-188E-45B1-B311-6BA3A3FD7521}.Release|Any CPU.Build.0 = Release|Any CPU
	EndGlobalSection
	GlobalSection(SolutionProperties) = preSolution
		HideSolutionNode = FALSE
	EndGlobalSection
	GlobalSection(NestedProjects) = preSolution
		{32FD09F8-F31D-43D6-976A-17C2BCC9F08F} = {95327524-D575-4784-B426-CDDFEC88D1DB}
		{CC457D4D-199C-4A7E-9330-88B2ED1A15A3} = {95327524-D575-4784-B426-CDDFEC88D1DB}
		{D2AFCB0B-4D32-48F2-970F-19AB8F19E788} = {37AAF786-A5E5-4467-B278-F4D57BB87FEF}
		{EE3D762F-9879-42E9-B0AC-608338F25480} = {37AAF786-A5E5-4467-B278-F4D57BB87FEF}
		{E2C61982-6712-4E0A-9FDC-AF768F453CE3} = {37AAF786-A5E5-4467-B278-F4D57BB87FEF}
		{99A9651F-00DE-4E3A-8F2B-0E6395ED10FB} = {37AAF786-A5E5-4467-B278-F4D57BB87FEF}
		{C89D5B7E-FDC3-4D84-BDC1-3B099B284B7D} = {37AAF786-A5E5-4467-B278-F4D57BB87FEF}
		{604EF94D-8DD8-4E11-A30B-8027E477728E} = {37AAF786-A5E5-4467-B278-F4D57BB87FEF}
		{FBD606E3-433E-4109-8345-7071F063F0E2} = {32FD09F8-F31D-43D6-976A-17C2BCC9F08F}
		{2430FD60-42F8-40AA-95DD-91FB2D26C5FD} = {CC457D4D-199C-4A7E-9330-88B2ED1A15A3}
		{4401F0F8-9B8C-47DC-A9A9-E9A5D488E112} = {D2AFCB0B-4D32-48F2-970F-19AB8F19E788}
		{FEF403B5-D8F4-4C5D-9030-EA6BADA8E824} = {C89D5B7E-FDC3-4D84-BDC1-3B099B284B7D}
		{B7AC6E2B-D47D-4CE1-B5EA-27191E8D3186} = {99A9651F-00DE-4E3A-8F2B-0E6395ED10FB}
		{1693A2BE-2504-4197-8236-F95D98C0C4B5} = {604EF94D-8DD8-4E11-A30B-8027E477728E}
		{0B00DC0D-3328-4629-94B8-2C81A36922D6} = {EE3D762F-9879-42E9-B0AC-608338F25480}
		{1E625934-42A7-4793-9088-CF72BF14C1AB} = {E2C61982-6712-4E0A-9FDC-AF768F453CE3}
		{34253335-8F50-4385-A670-477A98FFB308} = {C89D5B7E-FDC3-4D84-BDC1-3B099B284B7D}
		{A42DA1B2-3F07-4102-884D-27016EB055BB} = {C89D5B7E-FDC3-4D84-BDC1-3B099B284B7D}
		{AD860045-D006-4361-99EF-20F2099C4823} = {C89D5B7E-FDC3-4D84-BDC1-3B099B284B7D}
		{4ADFB0FD-140B-4042-80A1-1A20AEEF6250} = {C89D5B7E-FDC3-4D84-BDC1-3B099B284B7D}
		{C09921A7-3D71-414B-B486-E83C8B9E8E11} = {D2AFCB0B-4D32-48F2-970F-19AB8F19E788}
		{6B7A4547-AE8F-47E2-99AF-079025398639} = {D2AFCB0B-4D32-48F2-970F-19AB8F19E788}
		{4A409B38-F3B7-4712-A02F-1F4E30D877A6} = {EE3D762F-9879-42E9-B0AC-608338F25480}
		{A9B1770D-1E8E-4BB5-A069-AF6FEA3760E9} = {EE3D762F-9879-42E9-B0AC-608338F25480}
		{1C587E20-EAA3-4BCF-B384-38EC78D91D1F} = {EE3D762F-9879-42E9-B0AC-608338F25480}
		{82E18AA4-03ED-4876-8841-E04ACDD7BA8A} = {EE3D762F-9879-42E9-B0AC-608338F25480}
		{35816627-D0A0-41D2-844F-3AFA4BB1D66C} = {E2C61982-6712-4E0A-9FDC-AF768F453CE3}
		{B4BD609C-E62C-4E8F-BEF5-5BC76905586E} = {E2C61982-6712-4E0A-9FDC-AF768F453CE3}
		{8548F9E7-5AB8-4CFA-ABDF-39F573EA6C17} = {E2C61982-6712-4E0A-9FDC-AF768F453CE3}
		{9516E945-0381-4457-B5F5-DB9884DF26EC} = {E2C61982-6712-4E0A-9FDC-AF768F453CE3}
		{C4567386-79E2-41C9-B1F5-49974620DE90} = {D2AFCB0B-4D32-48F2-970F-19AB8F19E788}
		{5FCCBE59-27DA-42CC-9D95-607904D17F00} = {D2AFCB0B-4D32-48F2-970F-19AB8F19E788}
		{08A79A01-CEEA-4ADC-BA0A-7062121B3690} = {75340B01-9CE3-4303-AF58-D35512D1EDC2}
		{A2C4E938-39E0-4718-BF76-F8B5E390D179} = {75340B01-9CE3-4303-AF58-D35512D1EDC2}
		{6FF7B5F4-D9DC-438F-AFDE-C7A516A1EBF9} = {75340B01-9CE3-4303-AF58-D35512D1EDC2}
		{04DF53BB-70E1-442E-9282-29969B658281} = {08A79A01-CEEA-4ADC-BA0A-7062121B3690}
		{C5EFA130-6C18-4D2A-83B0-A0759B9C71D4} = {A2C4E938-39E0-4718-BF76-F8B5E390D179}
		{97CBC169-4B34-4F87-915D-7F69D1CF0938} = {6FF7B5F4-D9DC-438F-AFDE-C7A516A1EBF9}
		{8FFA7D06-5284-4F07-A81B-C15C30366D5E} = {75340B01-9CE3-4303-AF58-D35512D1EDC2}
		{5F11E715-188E-45B1-B311-6BA3A3FD7521} = {8FFA7D06-5284-4F07-A81B-C15C30366D5E}
	EndGlobalSection
	GlobalSection(ExtensibilityGlobals) = postSolution
		SolutionGuid = {5F54B400-3078-43EE-AB5A-B0E2A36F9E61}
	EndGlobalSection
EndGlobal
